
Microsoft Visual Studio Solution File, Format Version 12.00
# Visual Studio 14
VisualStudioVersion = 14.0.25420.1
MinimumVisualStudioVersion = 10.0.40219.1
Project("{D954291E-2A0B-460D-934E-DC6B0785DB48}") = "BlindApp", "BlindApp\BlindApp\BlindApp.shproj", "{3B889941-43FF-415A-95B0-8B4CA03C927B}"
EndProject
Project("{FAE04EC0-301F-11D3-BF4B-00C04F79EFBC}") = "BlindApp.Droid", "BlindApp\BlindApp.Droid\BlindApp.Droid.csproj", "{4C9433F9-24DF-4CC8-8D6B-91FD96E4D061}"
EndProject
Project("{FAE04EC0-301F-11D3-BF4B-00C04F79EFBC}") = "BlindApp.iOS", "BlindApp\BlindApp.iOS\BlindApp.iOS.csproj", "{A956AF8F-F4B9-4AC5-8886-C54CFC9A4D0C}"
EndProject
Global
	GlobalSection(SharedMSBuildProjectFiles) = preSolution
		BlindApp\BlindApp\BlindApp.projitems*{3b889941-43ff-415a-95b0-8b4ca03c927b}*SharedItemsImports = 13
		BlindApp\BlindApp\BlindApp.projitems*{4c9433f9-24df-4cc8-8d6b-91fd96e4d061}*SharedItemsImports = 4
		BlindApp\BlindApp\BlindApp.projitems*{a956af8f-f4b9-4ac5-8886-c54cfc9a4d0c}*SharedItemsImports = 4
	EndGlobalSection
	GlobalSection(SolutionConfigurationPlatforms) = preSolution
		Ad-Hoc|Any CPU = Ad-Hoc|Any CPU
		Ad-Hoc|iPhone = Ad-Hoc|iPhone
		Ad-Hoc|iPhoneSimulator = Ad-Hoc|iPhoneSimulator
		AppStore|Any CPU = AppStore|Any CPU
		AppStore|iPhone = AppStore|iPhone
		AppStore|iPhoneSimulator = AppStore|iPhoneSimulator
		Debug|Any CPU = Debug|Any CPU
		Debug|iPhone = Debug|iPhone
		Debug|iPhoneSimulator = Debug|iPhoneSimulator
		Release|Any CPU = Release|Any CPU
		Release|iPhone = Release|iPhone
		Release|iPhoneSimulator = Release|iPhoneSimulator
	EndGlobalSection
	GlobalSection(ProjectConfigurationPlatforms) = postSolution
		{4C9433F9-24DF-4CC8-8D6B-91FD96E4D061}.Ad-Hoc|Any CPU.ActiveCfg = Release|Any CPU
		{4C9433F9-24DF-4CC8-8D6B-91FD96E4D061}.Ad-Hoc|Any CPU.Build.0 = Release|Any CPU
		{4C9433F9-24DF-4CC8-8D6B-91FD96E4D061}.Ad-Hoc|Any CPU.Deploy.0 = Release|Any CPU
		{4C9433F9-24DF-4CC8-8D6B-91FD96E4D061}.Ad-Hoc|iPhone.ActiveCfg = Release|Any CPU
		{4C9433F9-24DF-4CC8-8D6B-91FD96E4D061}.Ad-Hoc|iPhone.Build.0 = Release|Any CPU
		{4C9433F9-24DF-4CC8-8D6B-91FD96E4D061}.Ad-Hoc|iPhone.Deploy.0 = Release|Any CPU
		{4C9433F9-24DF-4CC8-8D6B-91FD96E4D061}.Ad-Hoc|iPhoneSimulator.ActiveCfg = Release|Any CPU
		{4C9433F9-24DF-4CC8-8D6B-91FD96E4D061}.Ad-Hoc|iPhoneSimulator.Build.0 = Release|Any CPU
		{4C9433F9-24DF-4CC8-8D6B-91FD96E4D061}.Ad-Hoc|iPhoneSimulator.Deploy.0 = Release|Any CPU
		{4C9433F9-24DF-4CC8-8D6B-91FD96E4D061}.AppStore|Any CPU.ActiveCfg = Release|Any CPU
		{4C9433F9-24DF-4CC8-8D6B-91FD96E4D061}.AppStore|Any CPU.Build.0 = Release|Any CPU
		{4C9433F9-24DF-4CC8-8D6B-91FD96E4D061}.AppStore|Any CPU.Deploy.0 = Release|Any CPU
		{4C9433F9-24DF-4CC8-8D6B-91FD96E4D061}.AppStore|iPhone.ActiveCfg = Release|Any CPU
		{4C9433F9-24DF-4CC8-8D6B-91FD96E4D061}.AppStore|iPhone.Build.0 = Release|Any CPU
		{4C9433F9-24DF-4CC8-8D6B-91FD96E4D061}.AppStore|iPhone.Deploy.0 = Release|Any CPU
		{4C9433F9-24DF-4CC8-8D6B-91FD96E4D061}.AppStore|iPhoneSimulator.ActiveCfg = Release|Any CPU
		{4C9433F9-24DF-4CC8-8D6B-91FD96E4D061}.AppStore|iPhoneSimulator.Build.0 = Release|Any CPU
		{4C9433F9-24DF-4CC8-8D6B-91FD96E4D061}.AppStore|iPhoneSimulator.Deploy.0 = Release|Any CPU
		{4C9433F9-24DF-4CC8-8D6B-91FD96E4D061}.Debug|Any CPU.ActiveCfg = Debug|Any CPU
		{4C9433F9-24DF-4CC8-8D6B-91FD96E4D061}.Debug|Any CPU.Build.0 = Debug|Any CPU
		{4C9433F9-24DF-4CC8-8D6B-91FD96E4D061}.Debug|Any CPU.Deploy.0 = Debug|Any CPU
		{4C9433F9-24DF-4CC8-8D6B-91FD96E4D061}.Debug|iPhone.ActiveCfg = Debug|Any CPU
		{4C9433F9-24DF-4CC8-8D6B-91FD96E4D061}.Debug|iPhone.Build.0 = Debug|Any CPU
		{4C9433F9-24DF-4CC8-8D6B-91FD96E4D061}.Debug|iPhone.Deploy.0 = Debug|Any CPU
		{4C9433F9-24DF-4CC8-8D6B-91FD96E4D061}.Debug|iPhoneSimulator.ActiveCfg = Debug|Any CPU
		{4C9433F9-24DF-4CC8-8D6B-91FD96E4D061}.Debug|iPhoneSimulator.Build.0 = Debug|Any CPU
		{4C9433F9-24DF-4CC8-8D6B-91FD96E4D061}.Debug|iPhoneSimulator.Deploy.0 = Debug|Any CPU
		{4C9433F9-24DF-4CC8-8D6B-91FD96E4D061}.Release|Any CPU.ActiveCfg = Release|Any CPU
		{4C9433F9-24DF-4CC8-8D6B-91FD96E4D061}.Release|Any CPU.Build.0 = Release|Any CPU
		{4C9433F9-24DF-4CC8-8D6B-91FD96E4D061}.Release|Any CPU.Deploy.0 = Release|Any CPU
		{4C9433F9-24DF-4CC8-8D6B-91FD96E4D061}.Release|iPhone.ActiveCfg = Release|Any CPU
		{4C9433F9-24DF-4CC8-8D6B-91FD96E4D061}.Release|iPhone.Build.0 = Release|Any CPU
		{4C9433F9-24DF-4CC8-8D6B-91FD96E4D061}.Release|iPhone.Deploy.0 = Release|Any CPU
		{4C9433F9-24DF-4CC8-8D6B-91FD96E4D061}.Release|iPhoneSimulator.ActiveCfg = Release|Any CPU
		{4C9433F9-24DF-4CC8-8D6B-91FD96E4D061}.Release|iPhoneSimulator.Build.0 = Release|Any CPU
		{4C9433F9-24DF-4CC8-8D6B-91FD96E4D061}.Release|iPhoneSimulator.Deploy.0 = Release|Any CPU
		{A956AF8F-F4B9-4AC5-8886-C54CFC9A4D0C}.Ad-Hoc|Any CPU.ActiveCfg = Ad-Hoc|iPhone
		{A956AF8F-F4B9-4AC5-8886-C54CFC9A4D0C}.Ad-Hoc|iPhone.ActiveCfg = Ad-Hoc|iPhone
		{A956AF8F-F4B9-4AC5-8886-C54CFC9A4D0C}.Ad-Hoc|iPhone.Build.0 = Ad-Hoc|iPhone
		{A956AF8F-F4B9-4AC5-8886-C54CFC9A4D0C}.Ad-Hoc|iPhoneSimulator.ActiveCfg = Ad-Hoc|iPhoneSimulator
		{A956AF8F-F4B9-4AC5-8886-C54CFC9A4D0C}.Ad-Hoc|iPhoneSimulator.Build.0 = Ad-Hoc|iPhoneSimulator
		{A956AF8F-F4B9-4AC5-8886-C54CFC9A4D0C}.AppStore|Any CPU.ActiveCfg = AppStore|iPhone
		{A956AF8F-F4B9-4AC5-8886-C54CFC9A4D0C}.AppStore|iPhone.ActiveCfg = AppStore|iPhone
		{A956AF8F-F4B9-4AC5-8886-C54CFC9A4D0C}.AppStore|iPhone.Build.0 = AppStore|iPhone
		{A956AF8F-F4B9-4AC5-8886-C54CFC9A4D0C}.AppStore|iPhoneSimulator.ActiveCfg = AppStore|iPhoneSimulator
		{A956AF8F-F4B9-4AC5-8886-C54CFC9A4D0C}.AppStore|iPhoneSimulator.Build.0 = AppStore|iPhoneSimulator
		{A956AF8F-F4B9-4AC5-8886-C54CFC9A4D0C}.Debug|Any CPU.ActiveCfg = Debug|iPhone
		{A956AF8F-F4B9-4AC5-8886-C54CFC9A4D0C}.Debug|iPhone.ActiveCfg = Debug|iPhone
		{A956AF8F-F4B9-4AC5-8886-C54CFC9A4D0C}.Debug|iPhone.Build.0 = Debug|iPhone
		{A956AF8F-F4B9-4AC5-8886-C54CFC9A4D0C}.Debug|iPhoneSimulator.ActiveCfg = Debug|iPhoneSimulator
		{A956AF8F-F4B9-4AC5-8886-C54CFC9A4D0C}.Debug|iPhoneSimulator.Build.0 = Debug|iPhoneSimulator
		{A956AF8F-F4B9-4AC5-8886-C54CFC9A4D0C}.Release|Any CPU.ActiveCfg = Release|iPhone
		{A956AF8F-F4B9-4AC5-8886-C54CFC9A4D0C}.Release|iPhone.ActiveCfg = Release|iPhone
		{A956AF8F-F4B9-4AC5-8886-C54CFC9A4D0C}.Release|iPhone.Build.0 = Release|iPhone
		{A956AF8F-F4B9-4AC5-8886-C54CFC9A4D0C}.Release|iPhoneSimulator.ActiveCfg = Release|iPhoneSimulator
		{A956AF8F-F4B9-4AC5-8886-C54CFC9A4D0C}.Release|iPhoneSimulator.Build.0 = Release|iPhoneSimulator
	EndGlobalSection
	GlobalSection(SolutionProperties) = preSolution
		HideSolutionNode = FALSE
	EndGlobalSection
EndGlobal
